// !$*UTF8*$!
{
	archiveVersion = 1;
	classes = {
	};
	objectVersion = 56;
	objects = {

/* Begin PBXBuildFile section */
		1959CF3A2A475C5800399BCA /* SettingsModel.swift in Sources */ = {isa = PBXBuildFile; fileRef = 1959CF392A475C5800399BCA /* SettingsModel.swift */; };
		1959CF3E2A476A5600399BCA /* SettingsController.swift in Sources */ = {isa = PBXBuildFile; fileRef = 1959CF3D2A476A5600399BCA /* SettingsController.swift */; };
		199124682A5AE459009D4DD3 /* SettingPoints.swift in Sources */ = {isa = PBXBuildFile; fileRef = 199124672A5AE459009D4DD3 /* SettingPoints.swift */; };
		1991246B2A5AEF9D009D4DD3 /* SettingCell.swift in Sources */ = {isa = PBXBuildFile; fileRef = 1991246A2A5AEF9D009D4DD3 /* SettingCell.swift */; };
		1994D59C2A460581006D2985 /* AppDelegate.swift in Sources */ = {isa = PBXBuildFile; fileRef = 1994D59B2A460581006D2985 /* AppDelegate.swift */; };
		1994D59E2A460581006D2985 /* SceneDelegate.swift in Sources */ = {isa = PBXBuildFile; fileRef = 1994D59D2A460581006D2985 /* SceneDelegate.swift */; };
		1994D5A32A460581006D2985 /* Main.storyboard in Resources */ = {isa = PBXBuildFile; fileRef = 1994D5A12A460581006D2985 /* Main.storyboard */; };
		1994D5A52A460581006D2985 /* Assets.xcassets in Resources */ = {isa = PBXBuildFile; fileRef = 1994D5A42A460581006D2985 /* Assets.xcassets */; };
		1994D5A82A460581006D2985 /* LaunchScreen.storyboard in Resources */ = {isa = PBXBuildFile; fileRef = 1994D5A62A460581006D2985 /* LaunchScreen.storyboard */; };
		1994D5B02A4605BD006D2985 /* TimerController.swift in Sources */ = {isa = PBXBuildFile; fileRef = 1994D5AF2A4605BD006D2985 /* TimerController.swift */; };
		1994D5B22A461635006D2985 /* PlayerModel.swift in Sources */ = {isa = PBXBuildFile; fileRef = 1994D5B12A461635006D2985 /* PlayerModel.swift */; };
		1994D5B42A461F22006D2985 /* Extensions.swift in Sources */ = {isa = PBXBuildFile; fileRef = 1994D5B32A461F22006D2985 /* Extensions.swift */; };
		19D8AC502A5B56ED003D8650 /* UserManager.swift in Sources */ = {isa = PBXBuildFile; fileRef = 19D8AC4F2A5B56ED003D8650 /* UserManager.swift */; };
/* End PBXBuildFile section */

/* Begin PBXFileReference section */
		1959CF392A475C5800399BCA /* SettingsModel.swift */ = {isa = PBXFileReference; lastKnownFileType = sourcecode.swift; path = SettingsModel.swift; sourceTree = "<group>"; };
		1959CF3D2A476A5600399BCA /* SettingsController.swift */ = {isa = PBXFileReference; lastKnownFileType = sourcecode.swift; path = SettingsController.swift; sourceTree = "<group>"; };
		199124672A5AE459009D4DD3 /* SettingPoints.swift */ = {isa = PBXFileReference; lastKnownFileType = sourcecode.swift; path = SettingPoints.swift; sourceTree = "<group>"; };
		1991246A2A5AEF9D009D4DD3 /* SettingCell.swift */ = {isa = PBXFileReference; lastKnownFileType = sourcecode.swift; path = SettingCell.swift; sourceTree = "<group>"; };
		1994D5982A460581006D2985 /* Chess Clock.app */ = {isa = PBXFileReference; explicitFileType = wrapper.application; includeInIndex = 0; path = "Chess Clock.app"; sourceTree = BUILT_PRODUCTS_DIR; };
		1994D59B2A460581006D2985 /* AppDelegate.swift */ = {isa = PBXFileReference; lastKnownFileType = sourcecode.swift; path = AppDelegate.swift; sourceTree = "<group>"; };
		1994D59D2A460581006D2985 /* SceneDelegate.swift */ = {isa = PBXFileReference; lastKnownFileType = sourcecode.swift; path = SceneDelegate.swift; sourceTree = "<group>"; };
		1994D5A22A460581006D2985 /* Base */ = {isa = PBXFileReference; lastKnownFileType = file.storyboard; name = Base; path = Base.lproj/Main.storyboard; sourceTree = "<group>"; };
		1994D5A42A460581006D2985 /* Assets.xcassets */ = {isa = PBXFileReference; lastKnownFileType = folder.assetcatalog; path = Assets.xcassets; sourceTree = "<group>"; };
		1994D5A72A460581006D2985 /* Base */ = {isa = PBXFileReference; lastKnownFileType = file.storyboard; name = Base; path = Base.lproj/LaunchScreen.storyboard; sourceTree = "<group>"; };
		1994D5A92A460581006D2985 /* Info.plist */ = {isa = PBXFileReference; lastKnownFileType = text.plist.xml; path = Info.plist; sourceTree = "<group>"; };
		1994D5AF2A4605BD006D2985 /* TimerController.swift */ = {isa = PBXFileReference; lastKnownFileType = sourcecode.swift; path = TimerController.swift; sourceTree = "<group>"; };
		1994D5B12A461635006D2985 /* PlayerModel.swift */ = {isa = PBXFileReference; lastKnownFileType = sourcecode.swift; path = PlayerModel.swift; sourceTree = "<group>"; };
		1994D5B32A461F22006D2985 /* Extensions.swift */ = {isa = PBXFileReference; lastKnownFileType = sourcecode.swift; path = Extensions.swift; sourceTree = "<group>"; };
		19D8AC4F2A5B56ED003D8650 /* UserManager.swift */ = {isa = PBXFileReference; lastKnownFileType = sourcecode.swift; path = UserManager.swift; sourceTree = "<group>"; };
/* End PBXFileReference section */

/* Begin PBXFrameworksBuildPhase section */
		1994D5952A460581006D2985 /* Frameworks */ = {
			isa = PBXFrameworksBuildPhase;
			buildActionMask = 2147483647;
			files = (
			);
			runOnlyForDeploymentPostprocessing = 0;
		};
/* End PBXFrameworksBuildPhase section */

/* Begin PBXGroup section */
		1959CF3B2A47698100399BCA /* Controllers */ = {
			isa = PBXGroup;
			children = (
				1994D5AF2A4605BD006D2985 /* TimerController.swift */,
				1959CF3D2A476A5600399BCA /* SettingsController.swift */,
			);
			path = Controllers;
			sourceTree = "<group>";
		};
		1959CF3C2A47698B00399BCA /* Models */ = {
			isa = PBXGroup;
			children = (
				1994D5B12A461635006D2985 /* PlayerModel.swift */,
				1959CF392A475C5800399BCA /* SettingsModel.swift */,
			);
			path = Models;
			sourceTree = "<group>";
		};
		199124692A5AEF88009D4DD3 /* Cells */ = {
			isa = PBXGroup;
			children = (
				1991246A2A5AEF9D009D4DD3 /* SettingCell.swift */,
			);
			path = Cells;
			sourceTree = "<group>";
		};
		1994D58F2A460581006D2985 = {
			isa = PBXGroup;
			children = (
				1994D59A2A460581006D2985 /* Chess Clock */,
				1994D5992A460581006D2985 /* Products */,
			);
			sourceTree = "<group>";
		};
		1994D5992A460581006D2985 /* Products */ = {
			isa = PBXGroup;
			children = (
				1994D5982A460581006D2985 /* Chess Clock.app */,
			);
			name = Products;
			sourceTree = "<group>";
		};
		1994D59A2A460581006D2985 /* Chess Clock */ = {
			isa = PBXGroup;
			children = (
				199124692A5AEF88009D4DD3 /* Cells */,
				1959CF3C2A47698B00399BCA /* Models */,
				1959CF3B2A47698100399BCA /* Controllers */,
				1994D59B2A460581006D2985 /* AppDelegate.swift */,
				1994D59D2A460581006D2985 /* SceneDelegate.swift */,
				1994D5A12A460581006D2985 /* Main.storyboard */,
				1994D5A42A460581006D2985 /* Assets.xcassets */,
				1994D5A62A460581006D2985 /* LaunchScreen.storyboard */,
				1994D5A92A460581006D2985 /* Info.plist */,
				1994D5B32A461F22006D2985 /* Extensions.swift */,
				199124672A5AE459009D4DD3 /* SettingPoints.swift */,
				19D8AC4F2A5B56ED003D8650 /* UserManager.swift */,
			);
			path = "Chess Clock";
			sourceTree = "<group>";
		};
/* End PBXGroup section */

/* Begin PBXNativeTarget section */
		1994D5972A460581006D2985 /* Chess Clock */ = {
			isa = PBXNativeTarget;
			buildConfigurationList = 1994D5AC2A460581006D2985 /* Build configuration list for PBXNativeTarget "Chess Clock" */;
			buildPhases = (
				1994D5942A460581006D2985 /* Sources */,
				1994D5952A460581006D2985 /* Frameworks */,
				1994D5962A460581006D2985 /* Resources */,
			);
			buildRules = (
			);
			dependencies = (
			);
			name = "Chess Clock";
			productName = "Chess Clock";
			productReference = 1994D5982A460581006D2985 /* Chess Clock.app */;
			productType = "com.apple.product-type.application";
		};
/* End PBXNativeTarget section */

/* Begin PBXProject section */
		1994D5902A460581006D2985 /* Project object */ = {
			isa = PBXProject;
			attributes = {
				BuildIndependentTargetsInParallel = 1;
				LastSwiftUpdateCheck = 1420;
				LastUpgradeCheck = 1420;
				TargetAttributes = {
					1994D5972A460581006D2985 = {
						CreatedOnToolsVersion = 14.2;
					};
				};
			};
			buildConfigurationList = 1994D5932A460581006D2985 /* Build configuration list for PBXProject "Chess Clock" */;
			compatibilityVersion = "Xcode 14.0";
			developmentRegion = en;
			hasScannedForEncodings = 0;
			knownRegions = (
				en,
				Base,
			);
			mainGroup = 1994D58F2A460581006D2985;
			productRefGroup = 1994D5992A460581006D2985 /* Products */;
			projectDirPath = "";
			projectRoot = "";
			targets = (
				1994D5972A460581006D2985 /* Chess Clock */,
			);
		};
/* End PBXProject section */

/* Begin PBXResourcesBuildPhase section */
		1994D5962A460581006D2985 /* Resources */ = {
			isa = PBXResourcesBuildPhase;
			buildActionMask = 2147483647;
			files = (
				1994D5A82A460581006D2985 /* LaunchScreen.storyboard in Resources */,
				1994D5A52A460581006D2985 /* Assets.xcassets in Resources */,
				1994D5A32A460581006D2985 /* Main.storyboard in Resources */,
			);
			runOnlyForDeploymentPostprocessing = 0;
		};
/* End PBXResourcesBuildPhase section */

/* Begin PBXSourcesBuildPhase section */
		1994D5942A460581006D2985 /* Sources */ = {
			isa = PBXSourcesBuildPhase;
			buildActionMask = 2147483647;
			files = (
				1959CF3A2A475C5800399BCA /* SettingsModel.swift in Sources */,
				199124682A5AE459009D4DD3 /* SettingPoints.swift in Sources */,
				1994D5B42A461F22006D2985 /* Extensions.swift in Sources */,
				1994D59C2A460581006D2985 /* AppDelegate.swift in Sources */,
				1959CF3E2A476A5600399BCA /* SettingsController.swift in Sources */,
				1994D59E2A460581006D2985 /* SceneDelegate.swift in Sources */,
				1994D5B22A461635006D2985 /* PlayerModel.swift in Sources */,
				1994D5B02A4605BD006D2985 /* TimerController.swift in Sources */,
				19D8AC502A5B56ED003D8650 /* UserManager.swift in Sources */,
				1991246B2A5AEF9D009D4DD3 /* SettingCell.swift in Sources */,
			);
			runOnlyForDeploymentPostprocessing = 0;
		};
/* End PBXSourcesBuildPhase section */

/* Begin PBXVariantGroup section */
		1994D5A12A460581006D2985 /* Main.storyboard */ = {
			isa = PBXVariantGroup;
			children = (
				1994D5A22A460581006D2985 /* Base */,
			);
			name = Main.storyboard;
			sourceTree = "<group>";
		};
		1994D5A62A460581006D2985 /* LaunchScreen.storyboard */ = {
			isa = PBXVariantGroup;
			children = (
				1994D5A72A460581006D2985 /* Base */,
			);
			name = LaunchScreen.storyboard;
			sourceTree = "<group>";
		};
/* End PBXVariantGroup section */

/* Begin XCBuildConfiguration section */
		1994D5AA2A460581006D2985 /* Debug */ = {
			isa = XCBuildConfiguration;
			buildSettings = {
				ALWAYS_SEARCH_USER_PATHS = NO;
				CLANG_ANALYZER_NONNULL = YES;
				CLANG_ANALYZER_NUMBER_OBJECT_CONVERSION = YES_AGGRESSIVE;
				CLANG_CXX_LANGUAGE_STANDARD = "gnu++20";
				CLANG_ENABLE_MODULES = YES;
				CLANG_ENABLE_OBJC_ARC = YES;
				CLANG_ENABLE_OBJC_WEAK = YES;
				CLANG_WARN_BLOCK_CAPTURE_AUTORELEASING = YES;
				CLANG_WARN_BOOL_CONVERSION = YES;
				CLANG_WARN_COMMA = YES;
				CLANG_WARN_CONSTANT_CONVERSION = YES;
				CLANG_WARN_DEPRECATED_OBJC_IMPLEMENTATIONS = YES;
				CLANG_WARN_DIRECT_OBJC_ISA_USAGE = YES_ERROR;
				CLANG_WARN_DOCUMENTATION_COMMENTS = YES;
				CLANG_WARN_EMPTY_BODY = YES;
				CLANG_WARN_ENUM_CONVERSION = YES;
				CLANG_WARN_INFINITE_RECURSION = YES;
				CLANG_WARN_INT_CONVERSION = YES;
				CLANG_WARN_NON_LITERAL_NULL_CONVERSION = YES;
				CLANG_WARN_OBJC_IMPLICIT_RETAIN_SELF = YES;
				CLANG_WARN_OBJC_LITERAL_CONVERSION = YES;
				CLANG_WARN_OBJC_ROOT_CLASS = YES_ERROR;
				CLANG_WARN_QUOTED_INCLUDE_IN_FRAMEWORK_HEADER = YES;
				CLANG_WARN_RANGE_LOOP_ANALYSIS = YES;
				CLANG_WARN_STRICT_PROTOTYPES = YES;
				CLANG_WARN_SUSPICIOUS_MOVE = YES;
				CLANG_WARN_UNGUARDED_AVAILABILITY = YES_AGGRESSIVE;
				CLANG_WARN_UNREACHABLE_CODE = YES;
				CLANG_WARN__DUPLICATE_METHOD_MATCH = YES;
				COPY_PHASE_STRIP = NO;
				DEBUG_INFORMATION_FORMAT = dwarf;
				ENABLE_STRICT_OBJC_MSGSEND = YES;
				ENABLE_TESTABILITY = YES;
				GCC_C_LANGUAGE_STANDARD = gnu11;
				GCC_DYNAMIC_NO_PIC = NO;
				GCC_NO_COMMON_BLOCKS = YES;
				GCC_OPTIMIZATION_LEVEL = 0;
				GCC_PREPROCESSOR_DEFINITIONS = (
					"DEBUG=1",
					"$(inherited)",
				);
				GCC_WARN_64_TO_32_BIT_CONVERSION = YES;
				GCC_WARN_ABOUT_RETURN_TYPE = YES_ERROR;
				GCC_WARN_UNDECLARED_SELECTOR = YES;
				GCC_WARN_UNINITIALIZED_AUTOS = YES_AGGRESSIVE;
				GCC_WARN_UNUSED_FUNCTION = YES;
				GCC_WARN_UNUSED_VARIABLE = YES;
				IPHONEOS_DEPLOYMENT_TARGET = 16.2;
				MTL_ENABLE_DEBUG_INFO = INCLUDE_SOURCE;
				MTL_FAST_MATH = YES;
				ONLY_ACTIVE_ARCH = YES;
				SDKROOT = iphoneos;
				SWIFT_ACTIVE_COMPILATION_CONDITIONS = DEBUG;
				SWIFT_OPTIMIZATION_LEVEL = "-Onone";
			};
			name = Debug;
		};
		1994D5AB2A460581006D2985 /* Release */ = {
			isa = XCBuildConfiguration;
			buildSettings = {
				ALWAYS_SEARCH_USER_PATHS = NO;
				CLANG_ANALYZER_NONNULL = YES;
				CLANG_ANALYZER_NUMBER_OBJECT_CONVERSION = YES_AGGRESSIVE;
				CLANG_CXX_LANGUAGE_STANDARD = "gnu++20";
				CLANG_ENABLE_MODULES = YES;
				CLANG_ENABLE_OBJC_ARC = YES;
				CLANG_ENABLE_OBJC_WEAK = YES;
				CLANG_WARN_BLOCK_CAPTURE_AUTORELEASING = YES;
				CLANG_WARN_BOOL_CONVERSION = YES;
				CLANG_WARN_COMMA = YES;
				CLANG_WARN_CONSTANT_CONVERSION = YES;
				CLANG_WARN_DEPRECATED_OBJC_IMPLEMENTATIONS = YES;
				CLANG_WARN_DIRECT_OBJC_ISA_USAGE = YES_ERROR;
				CLANG_WARN_DOCUMENTATION_COMMENTS = YES;
				CLANG_WARN_EMPTY_BODY = YES;
				CLANG_WARN_ENUM_CONVERSION = YES;
				CLANG_WARN_INFINITE_RECURSION = YES;
				CLANG_WARN_INT_CONVERSION = YES;
				CLANG_WARN_NON_LITERAL_NULL_CONVERSION = YES;
				CLANG_WARN_OBJC_IMPLICIT_RETAIN_SELF = YES;
				CLANG_WARN_OBJC_LITERAL_CONVERSION = YES;
				CLANG_WARN_OBJC_ROOT_CLASS = YES_ERROR;
				CLANG_WARN_QUOTED_INCLUDE_IN_FRAMEWORK_HEADER = YES;
				CLANG_WARN_RANGE_LOOP_ANALYSIS = YES;
				CLANG_WARN_STRICT_PROTOTYPES = YES;
				CLANG_WARN_SUSPICIOUS_MOVE = YES;
				CLANG_WARN_UNGUARDED_AVAILABILITY = YES_AGGRESSIVE;
				CLANG_WARN_UNREACHABLE_CODE = YES;
				CLANG_WARN__DUPLICATE_METHOD_MATCH = YES;
				COPY_PHASE_STRIP = NO;
				DEBUG_INFORMATION_FORMAT = "dwarf-with-dsym";
				ENABLE_NS_ASSERTIONS = NO;
				ENABLE_STRICT_OBJC_MSGSEND = YES;
				GCC_C_LANGUAGE_STANDARD = gnu11;
				GCC_NO_COMMON_BLOCKS = YES;
				GCC_WARN_64_TO_32_BIT_CONVERSION = YES;
				GCC_WARN_ABOUT_RETURN_TYPE = YES_ERROR;
				GCC_WARN_UNDECLARED_SELECTOR = YES;
				GCC_WARN_UNINITIALIZED_AUTOS = YES_AGGRESSIVE;
				GCC_WARN_UNUSED_FUNCTION = YES;
				GCC_WARN_UNUSED_VARIABLE = YES;
				IPHONEOS_DEPLOYMENT_TARGET = 16.2;
				MTL_ENABLE_DEBUG_INFO = NO;
				MTL_FAST_MATH = YES;
				SDKROOT = iphoneos;
				SWIFT_COMPILATION_MODE = wholemodule;
				SWIFT_OPTIMIZATION_LEVEL = "-O";
				VALIDATE_PRODUCT = YES;
			};
			name = Release;
		};
		1994D5AD2A460581006D2985 /* Debug */ = {
			isa = XCBuildConfiguration;
			buildSettings = {
				ASSETCATALOG_COMPILER_APPICON_NAME = AppIcon;
				ASSETCATALOG_COMPILER_GLOBAL_ACCENT_COLOR_NAME = AccentColor;
				CODE_SIGN_STYLE = Automatic;
				CURRENT_PROJECT_VERSION = 1;
				DEVELOPMENT_TEAM = 5647E85F7M;
				GENERATE_INFOPLIST_FILE = YES;
				INFOPLIST_FILE = "Chess Clock/Info.plist";
				INFOPLIST_KEY_UIApplicationSupportsIndirectInputEvents = YES;
				INFOPLIST_KEY_UILaunchStoryboardName = LaunchScreen;
				INFOPLIST_KEY_UIMainStoryboardFile = Main;
				INFOPLIST_KEY_UISupportedInterfaceOrientations_iPad = "UIInterfaceOrientationPortrait UIInterfaceOrientationPortraitUpsideDown UIInterfaceOrientationLandscapeLeft UIInterfaceOrientationLandscapeRight";
				INFOPLIST_KEY_UISupportedInterfaceOrientations_iPhone = "UIInterfaceOrientationPortrait UIInterfaceOrientationLandscapeLeft UIInterfaceOrientationLandscapeRight";
				LD_RUNPATH_SEARCH_PATHS = (
					"$(inherited)",
					"@executable_path/Frameworks",
				);
				MARKETING_VERSION = 1.0;
				PRODUCT_BUNDLE_IDENTIFIER = "sanchez.Chess-Clock";
				PRODUCT_NAME = "$(TARGET_NAME)";
				SWIFT_EMIT_LOC_STRINGS = YES;
				SWIFT_VERSION = 5.0;
				TARGETED_DEVICE_FAMILY = "1,2";
			};
			name = Debug;
		};
		1994D5AE2A460581006D2985 /* Release */ = {
			isa = XCBuildConfiguration;
			buildSettings = {
				ASSETCATALOG_COMPILER_APPICON_NAME = AppIcon;
				ASSETCATALOG_COMPILER_GLOBAL_ACCENT_COLOR_NAME = AccentColor;
				CODE_SIGN_STYLE = Automatic;
				CURRENT_PROJECT_VERSION = 1;
				DEVELOPMENT_TEAM = 5647E85F7M;
				GENERATE_INFOPLIST_FILE = YES;
				INFOPLIST_FILE = "Chess Clock/Info.plist";
				INFOPLIST_KEY_UIApplicationSupportsIndirectInputEvents = YES;
				INFOPLIST_KEY_UILaunchStoryboardName = LaunchScreen;
				INFOPLIST_KEY_UIMainStoryboardFile = Main;
				INFOPLIST_KEY_UISupportedInterfaceOrientations_iPad = "UIInterfaceOrientationPortrait UIInterfaceOrientationPortraitUpsideDown UIInterfaceOrientationLandscapeLeft UIInterfaceOrientationLandscapeRight";
				INFOPLIST_KEY_UISupportedInterfaceOrientations_iPhone = "UIInterfaceOrientationPortrait UIInterfaceOrientationLandscapeLeft UIInterfaceOrientationLandscapeRight";
				LD_RUNPATH_SEARCH_PATHS = (
					"$(inherited)",
					"@executable_path/Frameworks",
				);
				MARKETING_VERSION = 1.0;
				PRODUCT_BUNDLE_IDENTIFIER = "sanchez.Chess-Clock";
				PRODUCT_NAME = "$(TARGET_NAME)";
				SWIFT_EMIT_LOC_STRINGS = YES;
				SWIFT_VERSION = 5.0;
				TARGETED_DEVICE_FAMILY = "1,2";
			};
			name = Release;
		};
/* End XCBuildConfiguration section */

/* Begin XCConfigurationList section */
		1994D5932A460581006D2985 /* Build configuration list for PBXProject "Chess Clock" */ = {
			isa = XCConfigurationList;
			buildConfigurations = (
				1994D5AA2A460581006D2985 /* Debug */,
				1994D5AB2A460581006D2985 /* Release */,
			);
			defaultConfigurationIsVisible = 0;
			defaultConfigurationName = Release;
		};
		1994D5AC2A460581006D2985 /* Build configuration list for PBXNativeTarget "Chess Clock" */ = {
			isa = XCConfigurationList;
			buildConfigurations = (
				1994D5AD2A460581006D2985 /* Debug */,
				1994D5AE2A460581006D2985 /* Release */,
			);
			defaultConfigurationIsVisible = 0;
			defaultConfigurationName = Release;
		};
/* End XCConfigurationList section */
	};
	rootObject = 1994D5902A460581006D2985 /* Project object */;
}
